
Microsoft Visual Studio Solution File, Format Version 12.00
# Visual Studio Version 17
VisualStudioVersion = 17.13.35818.85 d17.13
MinimumVisualStudioVersion = 10.0.40219.1
Project("{FAE04EC0-301F-11D3-BF4B-00C04F79EFBC}") = "FastClean", "FastClean.csproj", "{5B3258A3-1B9A-94FB-AF8A-F2D22F176C65}"
EndProject
Global
	GlobalSection(SolutionConfigurationPlatforms) = preSolution
		Debug|Any CPU = Debug|Any CPU
		Release|Any CPU = Release|Any CPU
	EndGlobalSection
	GlobalSection(ProjectConfigurationPlatforms) = postSolution
		{5B3258A3-1B9A-94FB-AF8A-F2D22F176C65}.Debug|Any CPU.ActiveCfg = Debug|Any CPU
		{5B3258A3-1B9A-94FB-AF8A-F2D22F176C65}.Debug|Any CPU.Build.0 = Debug|Any CPU
		{5B3258A3-1B9A-94FB-AF8A-F2D22F176C65}.Release|Any CPU.ActiveCfg = Release|Any CPU
		{5B3258A3-1B9A-94FB-AF8A-F2D22F176C65}.Release|Any CPU.Build.0 = Release|Any CPU
	EndGlobalSection
	GlobalSection(SolutionProperties) = preSolution
		HideSolutionNode = FALSE
	EndGlobalSection
	GlobalSection(ExtensibilityGlobals) = postSolution
		SolutionGuid = {3E0923F5-1A72-496E-AB30-05F84EB9791B}
	EndGlobalSection
EndGlobal
